// !$*UTF8*$!
{
	archiveVersion = 1;
	classes = {
	};
	objectVersion = 48;
	objects = {

/* Begin PBXBuildFile section */
		F0073D9B20AB381A00957DCC /* UserNotifications.framework in Frameworks */ = {isa = PBXBuildFile; fileRef = F0073D9A20AB381A00957DCC /* UserNotifications.framework */; };
		F0073D9D20AB4AFF00957DCC /* Magnolia Script.pdf in Resources */ = {isa = PBXBuildFile; fileRef = F0073D9C20AB4AFF00957DCC /* Magnolia Script.pdf */; };
		F0087AFC208DFCF400AA726A /* ViewController.swift in Sources */ = {isa = PBXBuildFile; fileRef = F0087AFB208DFCF400AA726A /* ViewController.swift */; };
		F0087AFF208DFCF400AA726A /* Main.storyboard in Resources */ = {isa = PBXBuildFile; fileRef = F0087AFD208DFCF400AA726A /* Main.storyboard */; };
		F0087B01208DFCF400AA726A /* Assets.xcassets in Resources */ = {isa = PBXBuildFile; fileRef = F0087B00208DFCF400AA726A /* Assets.xcassets */; };
		F0087B3820921EF700AA726A /* EggViewController.swift in Sources */ = {isa = PBXBuildFile; fileRef = F0087B3720921EF700AA726A /* EggViewController.swift */; };
		F00A8C7820A5F04900226C7A /* BroViewController.swift in Sources */ = {isa = PBXBuildFile; fileRef = F00A8C7720A5F04900226C7A /* BroViewController.swift */; };
		F00A8C7A20A5F1D000226C7A /* TimerViewController.swift in Sources */ = {isa = PBXBuildFile; fileRef = F00A8C7920A5F1D000226C7A /* TimerViewController.swift */; };
		F00BA5D820B4631700863605 /* meat.png in Resources */ = {isa = PBXBuildFile; fileRef = F00BA5D720B4631700863605 /* meat.png */; };
		F00BA5DA20B4638300863605 /* LongPasta.png in Resources */ = {isa = PBXBuildFile; fileRef = F00BA5D920B4638200863605 /* LongPasta.png */; };
		F00F8EC920A40D08001BEE4E /* fuji.png in Resources */ = {isa = PBXBuildFile; fileRef = F00F8EC820A40D08001BEE4E /* fuji.png */; };
		F00F8ECB20A40D80001BEE4E /* far.png in Resources */ = {isa = PBXBuildFile; fileRef = F00F8ECA20A40D80001BEE4E /* far.png */; };
		F00F8ECD20A40FCD001BEE4E /* penne.png in Resources */ = {isa = PBXBuildFile; fileRef = F00F8ECC20A40FCD001BEE4E /* penne.png */; };
		F00F8ED120A41135001BEE4E /* 2penne.png in Resources */ = {isa = PBXBuildFile; fileRef = F00F8ED020A41134001BEE4E /* 2penne.png */; };
		F00F8ED320A47773001BEE4E /* potato1.png in Resources */ = {isa = PBXBuildFile; fileRef = F00F8ED220A47773001BEE4E /* potato1.png */; };
		F00F8ED520A47B66001BEE4E /* PotatoViewController.swift in Sources */ = {isa = PBXBuildFile; fileRef = F00F8ED420A47B66001BEE4E /* PotatoViewController.swift */; };
		F00F8ED720A47D48001BEE4E /* maru.png in Resources */ = {isa = PBXBuildFile; fileRef = F00F8ED620A47D48001BEE4E /* maru.png */; };
		F00F8ED920A52654001BEE4E /* blur.png in Resources */ = {isa = PBXBuildFile; fileRef = F00F8ED820A52653001BEE4E /* blur.png */; };
		F012578B209424F30088D41C /* FoodViewController.swift in Sources */ = {isa = PBXBuildFile; fileRef = F012578A209424F30088D41C /* FoodViewController.swift */; };
		F012579320943FB30088D41C /* NineEggViewController.swift in Sources */ = {isa = PBXBuildFile; fileRef = F012579220943FB30088D41C /* NineEggViewController.swift */; };
		F012579520943FE50088D41C /* TwelveEggViewController.swift in Sources */ = {isa = PBXBuildFile; fileRef = F012579420943FE50088D41C /* TwelveEggViewController.swift */; };
		F012579720943FFD0088D41C /* FourteenEggViewController.swift in Sources */ = {isa = PBXBuildFile; fileRef = F012579620943FFD0088D41C /* FourteenEggViewController.swift */; };
		F01257A1209457EA0088D41C /* Allura-Regular.otf in Resources */ = {isa = PBXBuildFile; fileRef = F01257A0209457EA0088D41C /* Allura-Regular.otf */; };
		F01257A7209AB18A0088D41C /* PastaViewController.swift in Sources */ = {isa = PBXBuildFile; fileRef = F01257A6209AB18A0088D41C /* PastaViewController.swift */; };
		F01257A9209AB5CE0088D41C /* FedeViewController.swift in Sources */ = {isa = PBXBuildFile; fileRef = F01257A8209AB5CE0088D41C /* FedeViewController.swift */; };
		F01257AB209AB5F20088D41C /* SpaViewController.swift in Sources */ = {isa = PBXBuildFile; fileRef = F01257AA209AB5F20088D41C /* SpaViewController.swift */; };
		F01257AD209AB6240088D41C /* SpatwoViewController.swift in Sources */ = {isa = PBXBuildFile; fileRef = F01257AC209AB6240088D41C /* SpatwoViewController.swift */; };
		F01257AF209ABAB50088D41C /* PennneViewController.swift in Sources */ = {isa = PBXBuildFile; fileRef = F01257AE209ABAB50088D41C /* PennneViewController.swift */; };
		F01257B1209ABAD10088D41C /* FarViewController.swift in Sources */ = {isa = PBXBuildFile; fileRef = F01257B0209ABAD10088D41C /* FarViewController.swift */; };
		F01257B3209ABAEF0088D41C /* FujiViewController.swift in Sources */ = {isa = PBXBuildFile; fileRef = F01257B2209ABAEF0088D41C /* FujiViewController.swift */; };
		F01257B7209ABCFC0088D41C /* Apples Script Demo.ttf in Resources */ = {isa = PBXBuildFile; fileRef = F01257B6209ABCFB0088D41C /* Apples Script Demo.ttf */; };
		F01257B9209ABDBF0088D41C /* Magnolia Script.otf in Resources */ = {isa = PBXBuildFile; fileRef = F01257B8209ABDBE0088D41C /* Magnolia Script.otf */; };
		F01258D020A32D060088D41C /* 目覚ましアラーム.mp3 in Resources */ = {isa = PBXBuildFile; fileRef = F01258CF20A32D060088D41C /* 目覚ましアラーム.mp3 */; };
		F01258D620A33F190088D41C /* CarrotViewController.swift in Sources */ = {isa = PBXBuildFile; fileRef = F01258D520A33F190088D41C /* CarrotViewController.swift */; };
		F01258D820A3400E0088D41C /* Carrot1.png in Resources */ = {isa = PBXBuildFile; fileRef = F01258D720A3400E0088D41C /* Carrot1.png */; };
		F040B4E420BD02260036C5E3 /* AppDelegate.swift in Sources */ = {isa = PBXBuildFile; fileRef = F040B4E320BD02260036C5E3 /* AppDelegate.swift */; };
		F0548F3320B7143000A09A45 /* 3.5inch.storyboard in Resources */ = {isa = PBXBuildFile; fileRef = F0548F3220B7143000A09A45 /* 3.5inch.storyboard */; };
		F078960120C14F7A006B8BC3 /* StoryboardHelper.swift in Sources */ = {isa = PBXBuildFile; fileRef = F07895FA20C14F79006B8BC3 /* StoryboardHelper.swift */; };
		F078960220C14F7A006B8BC3 /* README.md in Resources */ = {isa = PBXBuildFile; fileRef = F07895FB20C14F79006B8BC3 /* README.md */; };
		F078960320C14F7A006B8BC3 /* Default-736h@3x.png in Resources */ = {isa = PBXBuildFile; fileRef = F07895FD20C14F79006B8BC3 /* Default-736h@3x.png */; };
		F078960420C14F7A006B8BC3 /* Default-568h@2x.png in Resources */ = {isa = PBXBuildFile; fileRef = F07895FE20C14F79006B8BC3 /* Default-568h@2x.png */; };
		F078960520C14F7A006B8BC3 /* Default-667h@2x.png in Resources */ = {isa = PBXBuildFile; fileRef = F07895FF20C14F79006B8BC3 /* Default-667h@2x.png */; };
		F078960620C14F7A006B8BC3 /* .gitignore in Resources */ = {isa = PBXBuildFile; fileRef = F078960020C14F79006B8BC3 /* .gitignore */; };
		F0A373F420A8A5D700D89876 /* llongpasta.png in Resources */ = {isa = PBXBuildFile; fileRef = F0A373ED20A8A5D400D89876 /* llongpasta.png */; };
		F0A373F520A8A5D700D89876 /* medamayaki.png in Resources */ = {isa = PBXBuildFile; fileRef = F0A373EE20A8A5D500D89876 /* medamayaki.png */; };
		F0A373F620A8A5D700D89876 /* boiledegg.png in Resources */ = {isa = PBXBuildFile; fileRef = F0A373EF20A8A5D500D89876 /* boiledegg.png */; };
		F0A373F720A8A5D700D89876 /* ninjin.png in Resources */ = {isa = PBXBuildFile; fileRef = F0A373F020A8A5D500D89876 /* ninjin.png */; };
		F0A373F820A8A5D700D89876 /* shortpasta.png in Resources */ = {isa = PBXBuildFile; fileRef = F0A373F120A8A5D600D89876 /* shortpasta.png */; };
		F0A373F920A8A5D700D89876 /* brokkori.png in Resources */ = {isa = PBXBuildFile; fileRef = F0A373F220A8A5D600D89876 /* brokkori.png */; };
		F0A373FA20A8A5D700D89876 /* potato.png in Resources */ = {isa = PBXBuildFile; fileRef = F0A373F320A8A5D700D89876 /* potato.png */; };
		F0A3741C20A9CBEB00D89876 /* OneViewController.swift in Sources */ = {isa = PBXBuildFile; fileRef = F0A3741B20A9CBEB00D89876 /* OneViewController.swift */; };
		F0A3741E20A9CBFF00D89876 /* ThreeViewController.swift in Sources */ = {isa = PBXBuildFile; fileRef = F0A3741D20A9CBFF00D89876 /* ThreeViewController.swift */; };
		F0A3742020A9CC1000D89876 /* FiveViewController.swift in Sources */ = {isa = PBXBuildFile; fileRef = F0A3741F20A9CC1000D89876 /* FiveViewController.swift */; };
		F0A3742220A9CC2200D89876 /* TenViewController.swift in Sources */ = {isa = PBXBuildFile; fileRef = F0A3742120A9CC2200D89876 /* TenViewController.swift */; };
		F0A3742820A9CCC900D89876 /* kiiro.png in Resources */ = {isa = PBXBuildFile; fileRef = F0A3742320A9CCC800D89876 /* kiiro.png */; };
		F0A3742920A9CCC900D89876 /* mizuiro.png in Resources */ = {isa = PBXBuildFile; fileRef = F0A3742420A9CCC800D89876 /* mizuiro.png */; };
		F0A3742A20A9CCC900D89876 /* ao.png in Resources */ = {isa = PBXBuildFile; fileRef = F0A3742520A9CCC800D89876 /* ao.png */; };
		F0A3742B20A9CCC900D89876 /* midori.png in Resources */ = {isa = PBXBuildFile; fileRef = F0A3742620A9CCC800D89876 /* midori.png */; };
		F0A3742C20A9CCC900D89876 /* aka.png in Resources */ = {isa = PBXBuildFile; fileRef = F0A3742720A9CCC900D89876 /* aka.png */; };
		F0A3742E20A9D64500D89876 /* aoo.png in Resources */ = {isa = PBXBuildFile; fileRef = F0A3742D20A9D64400D89876 /* aoo.png */; };
		F0A3743220AAEC7000D89876 /* icon.png in Resources */ = {isa = PBXBuildFile; fileRef = F0A3743120AAEC7000D89876 /* icon.png */; };
		F0CE94D920BD0C3B0079C50F /* 13egg.PNG in Resources */ = {isa = PBXBuildFile; fileRef = F0CE94D120BD0C390079C50F /* 13egg.PNG */; };
		F0CE94DA20BD0C3B0079C50F /* 10egg.PNG in Resources */ = {isa = PBXBuildFile; fileRef = F0CE94D220BD0C390079C50F /* 10egg.PNG */; };
		F0CE94DB20BD0C3B0079C50F /* 11egg.PNG in Resources */ = {isa = PBXBuildFile; fileRef = F0CE94D320BD0C390079C50F /* 11egg.PNG */; };
		F0CE94DC20BD0C3B0079C50F /* 7egg.PNG in Resources */ = {isa = PBXBuildFile; fileRef = F0CE94D420BD0C390079C50F /* 7egg.PNG */; };
		F0CE94DD20BD0C3B0079C50F /* 12egg.PNG in Resources */ = {isa = PBXBuildFile; fileRef = F0CE94D520BD0C3A0079C50F /* 12egg.PNG */; };
		F0CE94DE20BD0C3B0079C50F /* 14egg.PNG in Resources */ = {isa = PBXBuildFile; fileRef = F0CE94D620BD0C3A0079C50F /* 14egg.PNG */; };
		F0CE94DF20BD0C3B0079C50F /* 8egg.PNG in Resources */ = {isa = PBXBuildFile; fileRef = F0CE94D720BD0C3A0079C50F /* 8egg.PNG */; };
		F0CE94E020BD0C3B0079C50F /* 9egg.PNG in Resources */ = {isa = PBXBuildFile; fileRef = F0CE94D820BD0C3B0079C50F /* 9egg.PNG */; };
		F0CE94F020BD0E700079C50F /* Magnolia Script.otf in Resources */ = {isa = PBXBuildFile; fileRef = F0CE94EF20BD0E6F0079C50F /* Magnolia Script.otf */; };
/* End PBXBuildFile section */

/* Begin PBXFileReference section */
		8B339DA67FA49209C1E1D251 /* Pods-EggTimer.debug.xcconfig */ = {isa = PBXFileReference; includeInIndex = 1; lastKnownFileType = text.xcconfig; name = "Pods-EggTimer.debug.xcconfig"; path = "Pods/Target Support Files/Pods-EggTimer/Pods-EggTimer.debug.xcconfig"; sourceTree = "<group>"; };
		B06681AA802D3870A75BA635 /* Pods-EggTimer.release.xcconfig */ = {isa = PBXFileReference; includeInIndex = 1; lastKnownFileType = text.xcconfig; name = "Pods-EggTimer.release.xcconfig"; path = "Pods/Target Support Files/Pods-EggTimer/Pods-EggTimer.release.xcconfig"; sourceTree = "<group>"; };
		F0073D9A20AB381A00957DCC /* UserNotifications.framework */ = {isa = PBXFileReference; lastKnownFileType = wrapper.framework; name = UserNotifications.framework; path = System/Library/Frameworks/UserNotifications.framework; sourceTree = SDKROOT; };
		F0073D9C20AB4AFF00957DCC /* Magnolia Script.pdf */ = {isa = PBXFileReference; lastKnownFileType = image.pdf; path = "Magnolia Script.pdf"; sourceTree = "<group>"; };
		F0087AF6208DFCF400AA726A /* EggTimer.app */ = {isa = PBXFileReference; explicitFileType = wrapper.application; includeInIndex = 0; path = EggTimer.app; sourceTree = BUILT_PRODUCTS_DIR; };
		F0087AFB208DFCF400AA726A /* ViewController.swift */ = {isa = PBXFileReference; lastKnownFileType = sourcecode.swift; path = ViewController.swift; sourceTree = "<group>"; };
		F0087AFE208DFCF400AA726A /* Base */ = {isa = PBXFileReference; lastKnownFileType = file.storyboard; name = Base; path = Base.lproj/Main.storyboard; sourceTree = "<group>"; };
		F0087B00208DFCF400AA726A /* Assets.xcassets */ = {isa = PBXFileReference; lastKnownFileType = folder.assetcatalog; path = Assets.xcassets; sourceTree = "<group>"; };
		F0087B05208DFCF400AA726A /* Info.plist */ = {isa = PBXFileReference; lastKnownFileType = text.plist.xml; path = Info.plist; sourceTree = "<group>"; };
		F0087B3720921EF700AA726A /* EggViewController.swift */ = {isa = PBXFileReference; lastKnownFileType = sourcecode.swift; path = EggViewController.swift; sourceTree = "<group>"; };
		F00A8C7720A5F04900226C7A /* BroViewController.swift */ = {isa = PBXFileReference; lastKnownFileType = sourcecode.swift; path = BroViewController.swift; sourceTree = "<group>"; };
		F00A8C7920A5F1D000226C7A /* TimerViewController.swift */ = {isa = PBXFileReference; lastKnownFileType = sourcecode.swift; path = TimerViewController.swift; sourceTree = "<group>"; };
		F00BA5D720B4631700863605 /* meat.png */ = {isa = PBXFileReference; lastKnownFileType = image.png; path = meat.png; sourceTree = "<group>"; };
		F00BA5D920B4638200863605 /* LongPasta.png */ = {isa = PBXFileReference; lastKnownFileType = image.png; path = LongPasta.png; sourceTree = "<group>"; };
		F00F8EC820A40D08001BEE4E /* fuji.png */ = {isa = PBXFileReference; lastKnownFileType = image.png; path = fuji.png; sourceTree = "<group>"; };
		F00F8ECA20A40D80001BEE4E /* far.png */ = {isa = PBXFileReference; lastKnownFileType = image.png; path = far.png; sourceTree = "<group>"; };
		F00F8ECC20A40FCD001BEE4E /* penne.png */ = {isa = PBXFileReference; lastKnownFileType = image.png; name = penne.png; path = ../../../Downloads/penne.png; sourceTree = "<group>"; };
		F00F8ED020A41134001BEE4E /* 2penne.png */ = {isa = PBXFileReference; lastKnownFileType = image.png; path = 2penne.png; sourceTree = "<group>"; };
		F00F8ED220A47773001BEE4E /* potato1.png */ = {isa = PBXFileReference; lastKnownFileType = image.png; path = potato1.png; sourceTree = "<group>"; };
		F00F8ED420A47B66001BEE4E /* PotatoViewController.swift */ = {isa = PBXFileReference; lastKnownFileType = sourcecode.swift; path = PotatoViewController.swift; sourceTree = "<group>"; };
		F00F8ED620A47D48001BEE4E /* maru.png */ = {isa = PBXFileReference; lastKnownFileType = image.png; path = maru.png; sourceTree = "<group>"; };
		F00F8ED820A52653001BEE4E /* blur.png */ = {isa = PBXFileReference; lastKnownFileType = image.png; path = blur.png; sourceTree = "<group>"; };
		F012578A209424F30088D41C /* FoodViewController.swift */ = {isa = PBXFileReference; lastKnownFileType = sourcecode.swift; path = FoodViewController.swift; sourceTree = "<group>"; };
		F012579220943FB30088D41C /* NineEggViewController.swift */ = {isa = PBXFileReference; lastKnownFileType = sourcecode.swift; path = NineEggViewController.swift; sourceTree = "<group>"; };
		F012579420943FE50088D41C /* TwelveEggViewController.swift */ = {isa = PBXFileReference; lastKnownFileType = sourcecode.swift; path = TwelveEggViewController.swift; sourceTree = "<group>"; };
		F012579620943FFD0088D41C /* FourteenEggViewController.swift */ = {isa = PBXFileReference; lastKnownFileType = sourcecode.swift; path = FourteenEggViewController.swift; sourceTree = "<group>"; };
		F01257A0209457EA0088D41C /* Allura-Regular.otf */ = {isa = PBXFileReference; lastKnownFileType = file; path = "Allura-Regular.otf"; sourceTree = "<group>"; };
		F01257A6209AB18A0088D41C /* PastaViewController.swift */ = {isa = PBXFileReference; lastKnownFileType = sourcecode.swift; path = PastaViewController.swift; sourceTree = "<group>"; };
		F01257A8209AB5CE0088D41C /* FedeViewController.swift */ = {isa = PBXFileReference; lastKnownFileType = sourcecode.swift; path = FedeViewController.swift; sourceTree = "<group>"; };
		F01257AA209AB5F20088D41C /* SpaViewController.swift */ = {isa = PBXFileReference; lastKnownFileType = sourcecode.swift; path = SpaViewController.swift; sourceTree = "<group>"; };
		F01257AC209AB6240088D41C /* SpatwoViewController.swift */ = {isa = PBXFileReference; lastKnownFileType = sourcecode.swift; path = SpatwoViewController.swift; sourceTree = "<group>"; };
		F01257AE209ABAB50088D41C /* PennneViewController.swift */ = {isa = PBXFileReference; lastKnownFileType = sourcecode.swift; path = PennneViewController.swift; sourceTree = "<group>"; };
		F01257B0209ABAD10088D41C /* FarViewController.swift */ = {isa = PBXFileReference; lastKnownFileType = sourcecode.swift; path = FarViewController.swift; sourceTree = "<group>"; };
		F01257B2209ABAEF0088D41C /* FujiViewController.swift */ = {isa = PBXFileReference; lastKnownFileType = sourcecode.swift; path = FujiViewController.swift; sourceTree = "<group>"; };
		F01257B6209ABCFB0088D41C /* Apples Script Demo.ttf */ = {isa = PBXFileReference; lastKnownFileType = file; path = "Apples Script Demo.ttf"; sourceTree = "<group>"; };
		F01257B8209ABDBE0088D41C /* Magnolia Script.otf */ = {isa = PBXFileReference; lastKnownFileType = file; path = "Magnolia Script.otf"; sourceTree = "<group>"; };
		F01258CF20A32D060088D41C /* 目覚ましアラーム.mp3 */ = {isa = PBXFileReference; lastKnownFileType = audio.mp3; name = "目覚ましアラーム.mp3"; path = "../../../Downloads/目覚ましアラーム.mp3"; sourceTree = "<group>"; };
		F01258D520A33F190088D41C /* CarrotViewController.swift */ = {isa = PBXFileReference; lastKnownFileType = sourcecode.swift; path = CarrotViewController.swift; sourceTree = "<group>"; };
		F01258D720A3400E0088D41C /* Carrot1.png */ = {isa = PBXFileReference; lastKnownFileType = image.png; path = Carrot1.png; sourceTree = "<group>"; };
		F040B4E320BD02260036C5E3 /* AppDelegate.swift */ = {isa = PBXFileReference; lastKnownFileType = sourcecode.swift; name = AppDelegate.swift; path = "../../../Downloads/追加課題/DMStoryboardHelper-master/AppDelegate.swift"; sourceTree = "<group>"; };
		F0548F3220B7143000A09A45 /* 3.5inch.storyboard */ = {isa = PBXFileReference; lastKnownFileType = file.storyboard; path = 3.5inch.storyboard; sourceTree = "<group>"; };
		F07895FA20C14F79006B8BC3 /* StoryboardHelper.swift */ = {isa = PBXFileReference; fileEncoding = 4; lastKnownFileType = sourcecode.swift; path = StoryboardHelper.swift; sourceTree = "<group>"; };
		F07895FB20C14F79006B8BC3 /* README.md */ = {isa = PBXFileReference; fileEncoding = 4; lastKnownFileType = net.daringfireball.markdown; path = README.md; sourceTree = "<group>"; };
		F07895FD20C14F79006B8BC3 /* Default-736h@3x.png */ = {isa = PBXFileReference; lastKnownFileType = image.png; path = "Default-736h@3x.png"; sourceTree = "<group>"; };
		F07895FE20C14F79006B8BC3 /* Default-568h@2x.png */ = {isa = PBXFileReference; lastKnownFileType = image.png; path = "Default-568h@2x.png"; sourceTree = "<group>"; };
		F07895FF20C14F79006B8BC3 /* Default-667h@2x.png */ = {isa = PBXFileReference; lastKnownFileType = image.png; path = "Default-667h@2x.png"; sourceTree = "<group>"; };
		F078960020C14F79006B8BC3 /* .gitignore */ = {isa = PBXFileReference; fileEncoding = 4; lastKnownFileType = text; path = .gitignore; sourceTree = "<group>"; };
		F0A373ED20A8A5D400D89876 /* llongpasta.png */ = {isa = PBXFileReference; lastKnownFileType = image.png; path = llongpasta.png; sourceTree = "<group>"; };
		F0A373EE20A8A5D500D89876 /* medamayaki.png */ = {isa = PBXFileReference; lastKnownFileType = image.png; path = medamayaki.png; sourceTree = "<group>"; };
		F0A373EF20A8A5D500D89876 /* boiledegg.png */ = {isa = PBXFileReference; lastKnownFileType = image.png; path = boiledegg.png; sourceTree = "<group>"; };
		F0A373F020A8A5D500D89876 /* ninjin.png */ = {isa = PBXFileReference; lastKnownFileType = image.png; path = ninjin.png; sourceTree = "<group>"; };
		F0A373F120A8A5D600D89876 /* shortpasta.png */ = {isa = PBXFileReference; lastKnownFileType = image.png; path = shortpasta.png; sourceTree = "<group>"; };
		F0A373F220A8A5D600D89876 /* brokkori.png */ = {isa = PBXFileReference; lastKnownFileType = image.png; path = brokkori.png; sourceTree = "<group>"; };
		F0A373F320A8A5D700D89876 /* potato.png */ = {isa = PBXFileReference; lastKnownFileType = image.png; path = potato.png; sourceTree = "<group>"; };
		F0A3741B20A9CBEB00D89876 /* OneViewController.swift */ = {isa = PBXFileReference; lastKnownFileType = sourcecode.swift; path = OneViewController.swift; sourceTree = "<group>"; };
		F0A3741D20A9CBFF00D89876 /* ThreeViewController.swift */ = {isa = PBXFileReference; lastKnownFileType = sourcecode.swift; path = ThreeViewController.swift; sourceTree = "<group>"; };
		F0A3741F20A9CC1000D89876 /* FiveViewController.swift */ = {isa = PBXFileReference; lastKnownFileType = sourcecode.swift; path = FiveViewController.swift; sourceTree = "<group>"; };
		F0A3742120A9CC2200D89876 /* TenViewController.swift */ = {isa = PBXFileReference; lastKnownFileType = sourcecode.swift; path = TenViewController.swift; sourceTree = "<group>"; };
		F0A3742320A9CCC800D89876 /* kiiro.png */ = {isa = PBXFileReference; lastKnownFileType = image.png; path = kiiro.png; sourceTree = "<group>"; };
		F0A3742420A9CCC800D89876 /* mizuiro.png */ = {isa = PBXFileReference; lastKnownFileType = image.png; path = mizuiro.png; sourceTree = "<group>"; };
		F0A3742520A9CCC800D89876 /* ao.png */ = {isa = PBXFileReference; lastKnownFileType = image.png; path = ao.png; sourceTree = "<group>"; };
		F0A3742620A9CCC800D89876 /* midori.png */ = {isa = PBXFileReference; lastKnownFileType = image.png; path = midori.png; sourceTree = "<group>"; };
		F0A3742720A9CCC900D89876 /* aka.png */ = {isa = PBXFileReference; lastKnownFileType = image.png; path = aka.png; sourceTree = "<group>"; };
		F0A3742D20A9D64400D89876 /* aoo.png */ = {isa = PBXFileReference; lastKnownFileType = image.png; path = aoo.png; sourceTree = "<group>"; };
		F0A3743120AAEC7000D89876 /* icon.png */ = {isa = PBXFileReference; lastKnownFileType = image.png; name = icon.png; path = ../../icon.png; sourceTree = "<group>"; };
		F0CE94D120BD0C390079C50F /* 13egg.PNG */ = {isa = PBXFileReference; lastKnownFileType = image.png; name = 13egg.PNG; path = ../../../Downloads/13egg.PNG; sourceTree = "<group>"; };
		F0CE94D220BD0C390079C50F /* 10egg.PNG */ = {isa = PBXFileReference; lastKnownFileType = image.png; name = 10egg.PNG; path = ../../../Downloads/10egg.PNG; sourceTree = "<group>"; };
		F0CE94D320BD0C390079C50F /* 11egg.PNG */ = {isa = PBXFileReference; lastKnownFileType = image.png; name = 11egg.PNG; path = ../../../Downloads/11egg.PNG; sourceTree = "<group>"; };
		F0CE94D420BD0C390079C50F /* 7egg.PNG */ = {isa = PBXFileReference; lastKnownFileType = image.png; name = 7egg.PNG; path = ../../../Downloads/7egg.PNG; sourceTree = "<group>"; };
		F0CE94D520BD0C3A0079C50F /* 12egg.PNG */ = {isa = PBXFileReference; lastKnownFileType = image.png; name = 12egg.PNG; path = ../../../Downloads/12egg.PNG; sourceTree = "<group>"; };
		F0CE94D620BD0C3A0079C50F /* 14egg.PNG */ = {isa = PBXFileReference; lastKnownFileType = image.png; name = 14egg.PNG; path = ../../../Downloads/14egg.PNG; sourceTree = "<group>"; };
		F0CE94D720BD0C3A0079C50F /* 8egg.PNG */ = {isa = PBXFileReference; lastKnownFileType = image.png; name = 8egg.PNG; path = ../../../Downloads/8egg.PNG; sourceTree = "<group>"; };
		F0CE94D820BD0C3B0079C50F /* 9egg.PNG */ = {isa = PBXFileReference; lastKnownFileType = image.png; name = 9egg.PNG; path = ../../../Downloads/9egg.PNG; sourceTree = "<group>"; };
		F0CE94EF20BD0E6F0079C50F /* Magnolia Script.otf */ = {isa = PBXFileReference; lastKnownFileType = file; name = "Magnolia Script.otf"; path = "../../../Downloads/Magnolia_Script/Magnolia Script.otf"; sourceTree = "<group>"; };
/* End PBXFileReference section */

/* Begin PBXFrameworksBuildPhase section */
		F0087AF3208DFCF400AA726A /* Frameworks */ = {
			isa = PBXFrameworksBuildPhase;
			buildActionMask = 2147483647;
			files = (
				F0073D9B20AB381A00957DCC /* UserNotifications.framework in Frameworks */,
			);
			runOnlyForDeploymentPostprocessing = 0;
		};
/* End PBXFrameworksBuildPhase section */

/* Begin PBXGroup section */
		2DB279DCE184547310AA7D62 /* Pods */ = {
			isa = PBXGroup;
			children = (
				8B339DA67FA49209C1E1D251 /* Pods-EggTimer.debug.xcconfig */,
				B06681AA802D3870A75BA635 /* Pods-EggTimer.release.xcconfig */,
			);
			name = Pods;
			sourceTree = "<group>";
		};
		F0073D9920AB381A00957DCC /* Frameworks */ = {
			isa = PBXGroup;
			children = (
				F0073D9A20AB381A00957DCC /* UserNotifications.framework */,
			);
			name = Frameworks;
			sourceTree = "<group>";
		};
		F0087AED208DFCF400AA726A = {
			isa = PBXGroup;
			children = (
				F0087AF8208DFCF400AA726A /* EggTimer */,
				F0087AF7208DFCF400AA726A /* Products */,
				2DB279DCE184547310AA7D62 /* Pods */,
				F0073D9920AB381A00957DCC /* Frameworks */,
			);
			sourceTree = "<group>";
		};
		F0087AF7208DFCF400AA726A /* Products */ = {
			isa = PBXGroup;
			children = (
				F0087AF6208DFCF400AA726A /* EggTimer.app */,
			);
			name = Products;
			sourceTree = "<group>";
		};
		F0087AF8208DFCF400AA726A /* EggTimer */ = {
			isa = PBXGroup;
			children = (
				F07895F920C14F79006B8BC3 /* DMStoryboardHelper-master */,
				F00BA5D720B4631700863605 /* meat.png */,
				F0073D9C20AB4AFF00957DCC /* Magnolia Script.pdf */,
				F0CE94EF20BD0E6F0079C50F /* Magnolia Script.otf */,
				F0A3742720A9CCC900D89876 /* aka.png */,
				F0A3742520A9CCC800D89876 /* ao.png */,
				F0A3742D20A9D64400D89876 /* aoo.png */,
				F0A3742320A9CCC800D89876 /* kiiro.png */,
				F0A3742620A9CCC800D89876 /* midori.png */,
				F0A3742420A9CCC800D89876 /* mizuiro.png */,
				F0CE94D420BD0C390079C50F /* 7egg.PNG */,
				F0CE94D720BD0C3A0079C50F /* 8egg.PNG */,
				F0CE94D820BD0C3B0079C50F /* 9egg.PNG */,
				F0CE94D220BD0C390079C50F /* 10egg.PNG */,
				F0CE94D320BD0C390079C50F /* 11egg.PNG */,
				F0CE94D520BD0C3A0079C50F /* 12egg.PNG */,
				F0CE94D120BD0C390079C50F /* 13egg.PNG */,
				F0CE94D620BD0C3A0079C50F /* 14egg.PNG */,
				F0087AFD208DFCF400AA726A /* Main.storyboard */,
				F0548F3220B7143000A09A45 /* 3.5inch.storyboard */,
				F01258CF20A32D060088D41C /* 目覚ましアラーム.mp3 */,
				F0A3743120AAEC7000D89876 /* icon.png */,
				F01257B8209ABDBE0088D41C /* Magnolia Script.otf */,
				F01257B6209ABCFB0088D41C /* Apples Script Demo.ttf */,
				F0A373EF20A8A5D500D89876 /* boiledegg.png */,
				F0A373F220A8A5D600D89876 /* brokkori.png */,
				F0A373ED20A8A5D400D89876 /* llongpasta.png */,
				F0A373EE20A8A5D500D89876 /* medamayaki.png */,
				F0A373F020A8A5D500D89876 /* ninjin.png */,
				F0A373F320A8A5D700D89876 /* potato.png */,
				F0A373F120A8A5D600D89876 /* shortpasta.png */,
				F01257A0209457EA0088D41C /* Allura-Regular.otf */,
				F0087AFB208DFCF400AA726A /* ViewController.swift */,
				F012578A209424F30088D41C /* FoodViewController.swift */,
				F0087B00208DFCF400AA726A /* Assets.xcassets */,
				F040B4E320BD02260036C5E3 /* AppDelegate.swift */,
				F0087B05208DFCF400AA726A /* Info.plist */,
				F0087B3720921EF700AA726A /* EggViewController.swift */,
				F012579220943FB30088D41C /* NineEggViewController.swift */,
				F012579420943FE50088D41C /* TwelveEggViewController.swift */,
				F012579620943FFD0088D41C /* FourteenEggViewController.swift */,
				F01257A6209AB18A0088D41C /* PastaViewController.swift */,
				F01257A8209AB5CE0088D41C /* FedeViewController.swift */,
				F01257AA209AB5F20088D41C /* SpaViewController.swift */,
				F01257AC209AB6240088D41C /* SpatwoViewController.swift */,
				F01257AE209ABAB50088D41C /* PennneViewController.swift */,
				F01257B0209ABAD10088D41C /* FarViewController.swift */,
				F01257B2209ABAEF0088D41C /* FujiViewController.swift */,
				F01258D720A3400E0088D41C /* Carrot1.png */,
				F00BA5D920B4638200863605 /* LongPasta.png */,
				F00F8EC820A40D08001BEE4E /* fuji.png */,
				F00F8ECC20A40FCD001BEE4E /* penne.png */,
				F00F8ED020A41134001BEE4E /* 2penne.png */,
				F00F8ECA20A40D80001BEE4E /* far.png */,
				F00F8ED220A47773001BEE4E /* potato1.png */,
				F00F8ED620A47D48001BEE4E /* maru.png */,
				F00F8ED820A52653001BEE4E /* blur.png */,
				F01258D520A33F190088D41C /* CarrotViewController.swift */,
				F00F8ED420A47B66001BEE4E /* PotatoViewController.swift */,
				F00A8C7720A5F04900226C7A /* BroViewController.swift */,
				F00A8C7920A5F1D000226C7A /* TimerViewController.swift */,
				F0A3741B20A9CBEB00D89876 /* OneViewController.swift */,
				F0A3741D20A9CBFF00D89876 /* ThreeViewController.swift */,
				F0A3741F20A9CC1000D89876 /* FiveViewController.swift */,
				F0A3742120A9CC2200D89876 /* TenViewController.swift */,
			);
			path = EggTimer;
			sourceTree = "<group>";
		};
		F07895F920C14F79006B8BC3 /* DMStoryboardHelper-master */ = {
			isa = PBXGroup;
			children = (
				F07895FA20C14F79006B8BC3 /* StoryboardHelper.swift */,
				F07895FB20C14F79006B8BC3 /* README.md */,
				F07895FC20C14F79006B8BC3 /* Defaults */,
				F078960020C14F79006B8BC3 /* .gitignore */,
			);
			name = "DMStoryboardHelper-master";
			path = "../../../Downloads/DMStoryboardHelper-master";
			sourceTree = "<group>";
		};
		F07895FC20C14F79006B8BC3 /* Defaults */ = {
			isa = PBXGroup;
			children = (
				F07895FD20C14F79006B8BC3 /* Default-736h@3x.png */,
				F07895FE20C14F79006B8BC3 /* Default-568h@2x.png */,
				F07895FF20C14F79006B8BC3 /* Default-667h@2x.png */,
			);
			path = Defaults;
			sourceTree = "<group>";
		};
/* End PBXGroup section */

/* Begin PBXNativeTarget section */
		F0087AF5208DFCF400AA726A /* EggTimer */ = {
			isa = PBXNativeTarget;
			buildConfigurationList = F0087B08208DFCF400AA726A /* Build configuration list for PBXNativeTarget "EggTimer" */;
			buildPhases = (
				B927793469102EF14BAC400A /* [CP] Check Pods Manifest.lock */,
				F0087AF2208DFCF400AA726A /* Sources */,
				F0087AF3208DFCF400AA726A /* Frameworks */,
				F0087AF4208DFCF400AA726A /* Resources */,
			);
			buildRules = (
			);
			dependencies = (
			);
			name = EggTimer;
			productName = EggTimer;
			productReference = F0087AF6208DFCF400AA726A /* EggTimer.app */;
			productType = "com.apple.product-type.application";
		};
/* End PBXNativeTarget section */

/* Begin PBXProject section */
		F0087AEE208DFCF400AA726A /* Project object */ = {
			isa = PBXProject;
			attributes = {
				LastSwiftUpdateCheck = 0920;
				LastUpgradeCheck = 0920;
				ORGANIZATIONNAME = litech;
				TargetAttributes = {
					F0087AF5208DFCF400AA726A = {
						CreatedOnToolsVersion = 9.2;
						ProvisioningStyle = Manual;
						SystemCapabilities = {
							com.apple.BackgroundModes = {
								enabled = 1;
							};
						};
					};
				};
			};
			buildConfigurationList = F0087AF1208DFCF400AA726A /* Build configuration list for PBXProject "EggTimer" */;
			compatibilityVersion = "Xcode 8.0";
			developmentRegion = en;
			hasScannedForEncodings = 0;
			knownRegions = (
				en,
				Base,
			);
			mainGroup = F0087AED208DFCF400AA726A;
			productRefGroup = F0087AF7208DFCF400AA726A /* Products */;
			projectDirPath = "";
			projectRoot = "";
			targets = (
				F0087AF5208DFCF400AA726A /* EggTimer */,
			);
		};
/* End PBXProject section */

/* Begin PBXResourcesBuildPhase section */
		F0087AF4208DFCF400AA726A /* Resources */ = {
			isa = PBXResourcesBuildPhase;
			buildActionMask = 2147483647;
			files = (
				F01257A1209457EA0088D41C /* Allura-Regular.otf in Resources */,
				F078960420C14F7A006B8BC3 /* Default-568h@2x.png in Resources */,
				F0CE94D920BD0C3B0079C50F /* 13egg.PNG in Resources */,
				F00BA5D820B4631700863605 /* meat.png in Resources */,
				F078960520C14F7A006B8BC3 /* Default-667h@2x.png in Resources */,
				F00F8ECB20A40D80001BEE4E /* far.png in Resources */,
				F00BA5DA20B4638300863605 /* LongPasta.png in Resources */,
				F0A373F720A8A5D700D89876 /* ninjin.png in Resources */,
				F0A3742820A9CCC900D89876 /* kiiro.png in Resources */,
				F0A3742C20A9CCC900D89876 /* aka.png in Resources */,
				F0A373F920A8A5D700D89876 /* brokkori.png in Resources */,
				F0A373FA20A8A5D700D89876 /* potato.png in Resources */,
				F0073D9D20AB4AFF00957DCC /* Magnolia Script.pdf in Resources */,
				F01258D020A32D060088D41C /* 目覚ましアラーム.mp3 in Resources */,
				F00F8ED320A47773001BEE4E /* potato1.png in Resources */,
				F078960320C14F7A006B8BC3 /* Default-736h@3x.png in Resources */,
				F0CE94DB20BD0C3B0079C50F /* 11egg.PNG in Resources */,
				F0CE94DF20BD0C3B0079C50F /* 8egg.PNG in Resources */,
				F01257B7209ABCFC0088D41C /* Apples Script Demo.ttf in Resources */,
				F0CE94DA20BD0C3B0079C50F /* 10egg.PNG in Resources */,
				F0A3742920A9CCC900D89876 /* mizuiro.png in Resources */,
				F0CE94DC20BD0C3B0079C50F /* 7egg.PNG in Resources */,
				F0A3742A20A9CCC900D89876 /* ao.png in Resources */,
				F0CE94F020BD0E700079C50F /* Magnolia Script.otf in Resources */,
				F0087B01208DFCF400AA726A /* Assets.xcassets in Resources */,
				F00F8ED920A52654001BEE4E /* blur.png in Resources */,
				F0CE94DE20BD0C3B0079C50F /* 14egg.PNG in Resources */,
				F078960220C14F7A006B8BC3 /* README.md in Resources */,
				F078960620C14F7A006B8BC3 /* .gitignore in Resources */,
				F01258D820A3400E0088D41C /* Carrot1.png in Resources */,
				F0CE94E020BD0C3B0079C50F /* 9egg.PNG in Resources */,
				F0CE94DD20BD0C3B0079C50F /* 12egg.PNG in Resources */,
				F0A3742E20A9D64500D89876 /* aoo.png in Resources */,
				F0A373F520A8A5D700D89876 /* medamayaki.png in Resources */,
				F0A373F820A8A5D700D89876 /* shortpasta.png in Resources */,
				F0548F3320B7143000A09A45 /* 3.5inch.storyboard in Resources */,
				F00F8ED120A41135001BEE4E /* 2penne.png in Resources */,
				F00F8ECD20A40FCD001BEE4E /* penne.png in Resources */,
				F0087AFF208DFCF400AA726A /* Main.storyboard in Resources */,
				F01257B9209ABDBF0088D41C /* Magnolia Script.otf in Resources */,
				F0A3742B20A9CCC900D89876 /* midori.png in Resources */,
				F00F8EC920A40D08001BEE4E /* fuji.png in Resources */,
				F0A373F420A8A5D700D89876 /* llongpasta.png in Resources */,
				F0A3743220AAEC7000D89876 /* icon.png in Resources */,
				F0A373F620A8A5D700D89876 /* boiledegg.png in Resources */,
				F00F8ED720A47D48001BEE4E /* maru.png in Resources */,
			);
			runOnlyForDeploymentPostprocessing = 0;
		};
/* End PBXResourcesBuildPhase section */

/* Begin PBXShellScriptBuildPhase section */
		B927793469102EF14BAC400A /* [CP] Check Pods Manifest.lock */ = {
			isa = PBXShellScriptBuildPhase;
			buildActionMask = 2147483647;
			files = (
			);
			inputPaths = (
				"${PODS_PODFILE_DIR_PATH}/Podfile.lock",
				"${PODS_ROOT}/Manifest.lock",
			);
			name = "[CP] Check Pods Manifest.lock";
			outputPaths = (
				"$(DERIVED_FILE_DIR)/Pods-EggTimer-checkManifestLockResult.txt",
			);
			runOnlyForDeploymentPostprocessing = 0;
			shellPath = /bin/sh;
			shellScript = "diff \"${PODS_PODFILE_DIR_PATH}/Podfile.lock\" \"${PODS_ROOT}/Manifest.lock\" > /dev/null\nif [ $? != 0 ] ; then\n    # print error to STDERR\n    echo \"error: The sandbox is not in sync with the Podfile.lock. Run 'pod install' or update your CocoaPods installation.\" >&2\n    exit 1\nfi\n# This output is used by Xcode 'outputs' to avoid re-running this script phase.\necho \"SUCCESS\" > \"${SCRIPT_OUTPUT_FILE_0}\"\n";
			showEnvVarsInLog = 0;
		};
/* End PBXShellScriptBuildPhase section */

/* Begin PBXSourcesBuildPhase section */
		F0087AF2208DFCF400AA726A /* Sources */ = {
			isa = PBXSourcesBuildPhase;
			buildActionMask = 2147483647;
			files = (
				F0087AFC208DFCF400AA726A /* ViewController.swift in Sources */,
				F078960120C14F7A006B8BC3 /* StoryboardHelper.swift in Sources */,
				F01257AB209AB5F20088D41C /* SpaViewController.swift in Sources */,
				F01257A9209AB5CE0088D41C /* FedeViewController.swift in Sources */,
				F012579720943FFD0088D41C /* FourteenEggViewController.swift in Sources */,
				F0A3742220A9CC2200D89876 /* TenViewController.swift in Sources */,
				F01257B3209ABAEF0088D41C /* FujiViewController.swift in Sources */,
				F01257AF209ABAB50088D41C /* PennneViewController.swift in Sources */,
				F012578B209424F30088D41C /* FoodViewController.swift in Sources */,
				F0A3742020A9CC1000D89876 /* FiveViewController.swift in Sources */,
				F012579320943FB30088D41C /* NineEggViewController.swift in Sources */,
				F01257A7209AB18A0088D41C /* PastaViewController.swift in Sources */,
				F040B4E420BD02260036C5E3 /* AppDelegate.swift in Sources */,
				F01257AD209AB6240088D41C /* SpatwoViewController.swift in Sources */,
				F00A8C7A20A5F1D000226C7A /* TimerViewController.swift in Sources */,
				F00F8ED520A47B66001BEE4E /* PotatoViewController.swift in Sources */,
				F00A8C7820A5F04900226C7A /* BroViewController.swift in Sources */,
				F01258D620A33F190088D41C /* CarrotViewController.swift in Sources */,
				F0087B3820921EF700AA726A /* EggViewController.swift in Sources */,
				F0A3741C20A9CBEB00D89876 /* OneViewController.swift in Sources */,
				F012579520943FE50088D41C /* TwelveEggViewController.swift in Sources */,
				F01257B1209ABAD10088D41C /* FarViewController.swift in Sources */,
				F0A3741E20A9CBFF00D89876 /* ThreeViewController.swift in Sources */,
			);
			runOnlyForDeploymentPostprocessing = 0;
		};
/* End PBXSourcesBuildPhase section */

/* Begin PBXVariantGroup section */
		F0087AFD208DFCF400AA726A /* Main.storyboard */ = {
			isa = PBXVariantGroup;
			children = (
				F0087AFE208DFCF400AA726A /* Base */,
			);
			name = Main.storyboard;
			sourceTree = "<group>";
		};
/* End PBXVariantGroup section */

/* Begin XCBuildConfiguration section */
		F0087B06208DFCF400AA726A /* Debug */ = {
			isa = XCBuildConfiguration;
			buildSettings = {
				ALWAYS_SEARCH_USER_PATHS = NO;
				CLANG_ANALYZER_NONNULL = YES;
				CLANG_ANALYZER_NUMBER_OBJECT_CONVERSION = YES_AGGRESSIVE;
				CLANG_CXX_LANGUAGE_STANDARD = "gnu++14";
				CLANG_CXX_LIBRARY = "libc++";
				CLANG_ENABLE_MODULES = YES;
				CLANG_ENABLE_OBJC_ARC = YES;
				CLANG_WARN_BLOCK_CAPTURE_AUTORELEASING = YES;
				CLANG_WARN_BOOL_CONVERSION = YES;
				CLANG_WARN_COMMA = YES;
				CLANG_WARN_CONSTANT_CONVERSION = YES;
				CLANG_WARN_DIRECT_OBJC_ISA_USAGE = YES_ERROR;
				CLANG_WARN_DOCUMENTATION_COMMENTS = YES;
				CLANG_WARN_EMPTY_BODY = YES;
				CLANG_WARN_ENUM_CONVERSION = YES;
				CLANG_WARN_INFINITE_RECURSION = YES;
				CLANG_WARN_INT_CONVERSION = YES;
				CLANG_WARN_NON_LITERAL_NULL_CONVERSION = YES;
				CLANG_WARN_OBJC_LITERAL_CONVERSION = YES;
				CLANG_WARN_OBJC_ROOT_CLASS = YES_ERROR;
				CLANG_WARN_RANGE_LOOP_ANALYSIS = YES;
				CLANG_WARN_STRICT_PROTOTYPES = YES;
				CLANG_WARN_SUSPICIOUS_MOVE = YES;
				CLANG_WARN_UNGUARDED_AVAILABILITY = YES_AGGRESSIVE;
				CLANG_WARN_UNREACHABLE_CODE = YES;
				CLANG_WARN__DUPLICATE_METHOD_MATCH = YES;
				CODE_SIGN_IDENTITY = "iPhone Developer";
				COPY_PHASE_STRIP = NO;
				DEBUG_INFORMATION_FORMAT = dwarf;
				ENABLE_STRICT_OBJC_MSGSEND = YES;
				ENABLE_TESTABILITY = YES;
				GCC_C_LANGUAGE_STANDARD = gnu11;
				GCC_DYNAMIC_NO_PIC = NO;
				GCC_NO_COMMON_BLOCKS = YES;
				GCC_OPTIMIZATION_LEVEL = 0;
				GCC_PREPROCESSOR_DEFINITIONS = (
					"DEBUG=1",
					"$(inherited)",
				);
				GCC_WARN_64_TO_32_BIT_CONVERSION = YES;
				GCC_WARN_ABOUT_RETURN_TYPE = YES_ERROR;
				GCC_WARN_UNDECLARED_SELECTOR = YES;
				GCC_WARN_UNINITIALIZED_AUTOS = YES_AGGRESSIVE;
				GCC_WARN_UNUSED_FUNCTION = YES;
				GCC_WARN_UNUSED_VARIABLE = YES;
				IPHONEOS_DEPLOYMENT_TARGET = 11.2;
				MTL_ENABLE_DEBUG_INFO = YES;
				ONLY_ACTIVE_ARCH = YES;
				SDKROOT = iphoneos;
				SWIFT_ACTIVE_COMPILATION_CONDITIONS = DEBUG;
				SWIFT_OPTIMIZATION_LEVEL = "-Onone";
			};
			name = Debug;
		};
		F0087B07208DFCF400AA726A /* Release */ = {
			isa = XCBuildConfiguration;
			buildSettings = {
				ALWAYS_SEARCH_USER_PATHS = NO;
				CLANG_ANALYZER_NONNULL = YES;
				CLANG_ANALYZER_NUMBER_OBJECT_CONVERSION = YES_AGGRESSIVE;
				CLANG_CXX_LANGUAGE_STANDARD = "gnu++14";
				CLANG_CXX_LIBRARY = "libc++";
				CLANG_ENABLE_MODULES = YES;
				CLANG_ENABLE_OBJC_ARC = YES;
				CLANG_WARN_BLOCK_CAPTURE_AUTORELEASING = YES;
				CLANG_WARN_BOOL_CONVERSION = YES;
				CLANG_WARN_COMMA = YES;
				CLANG_WARN_CONSTANT_CONVERSION = YES;
				CLANG_WARN_DIRECT_OBJC_ISA_USAGE = YES_ERROR;
				CLANG_WARN_DOCUMENTATION_COMMENTS = YES;
				CLANG_WARN_EMPTY_BODY = YES;
				CLANG_WARN_ENUM_CONVERSION = YES;
				CLANG_WARN_INFINITE_RECURSION = YES;
				CLANG_WARN_INT_CONVERSION = YES;
				CLANG_WARN_NON_LITERAL_NULL_CONVERSION = YES;
				CLANG_WARN_OBJC_LITERAL_CONVERSION = YES;
				CLANG_WARN_OBJC_ROOT_CLASS = YES_ERROR;
				CLANG_WARN_RANGE_LOOP_ANALYSIS = YES;
				CLANG_WARN_STRICT_PROTOTYPES = YES;
				CLANG_WARN_SUSPICIOUS_MOVE = YES;
				CLANG_WARN_UNGUARDED_AVAILABILITY = YES_AGGRESSIVE;
				CLANG_WARN_UNREACHABLE_CODE = YES;
				CLANG_WARN__DUPLICATE_METHOD_MATCH = YES;
				CODE_SIGN_IDENTITY = "iPhone Developer";
				COPY_PHASE_STRIP = NO;
				DEBUG_INFORMATION_FORMAT = "dwarf-with-dsym";
				ENABLE_NS_ASSERTIONS = NO;
				ENABLE_STRICT_OBJC_MSGSEND = YES;
				GCC_C_LANGUAGE_STANDARD = gnu11;
				GCC_NO_COMMON_BLOCKS = YES;
				GCC_WARN_64_TO_32_BIT_CONVERSION = YES;
				GCC_WARN_ABOUT_RETURN_TYPE = YES_ERROR;
				GCC_WARN_UNDECLARED_SELECTOR = YES;
				GCC_WARN_UNINITIALIZED_AUTOS = YES_AGGRESSIVE;
				GCC_WARN_UNUSED_FUNCTION = YES;
				GCC_WARN_UNUSED_VARIABLE = YES;
				IPHONEOS_DEPLOYMENT_TARGET = 11.2;
				MTL_ENABLE_DEBUG_INFO = NO;
				SDKROOT = iphoneos;
				SWIFT_OPTIMIZATION_LEVEL = "-Owholemodule";
				VALIDATE_PRODUCT = YES;
			};
			name = Release;
		};
		F0087B09208DFCF400AA726A /* Debug */ = {
			isa = XCBuildConfiguration;
			baseConfigurationReference = 8B339DA67FA49209C1E1D251 /* Pods-EggTimer.debug.xcconfig */;
			buildSettings = {
				ASSETCATALOG_COMPILER_APPICON_NAME = AppIcon;
				"CODE_SIGN_IDENTITY[sdk=iphoneos*]" = "iPhone Distribution";
				CODE_SIGN_STYLE = Manual;
				DEVELOPMENT_TEAM = 2K446D59RQ;
				INFOPLIST_FILE = EggTimer/Info.plist;
				IPHONEOS_DEPLOYMENT_TARGET = 11.0;
				LD_RUNPATH_SEARCH_PATHS = "$(inherited) @executable_path/Frameworks";
				PRODUCT_BUNDLE_IDENTIFIER = jp.co.lifeistech.L10EggTimer;
				PRODUCT_NAME = "$(TARGET_NAME)";
				PROVISIONING_PROFILE = "b79947a2-517f-411d-89cb-4243a77df173";
				PROVISIONING_PROFILE_SPECIFIER = "L10-Matsuda-Distribution";
				SWIFT_VERSION = 4.0;
				TARGETED_DEVICE_FAMILY = 1;
			};
			name = Debug;
		};
		F0087B0A208DFCF400AA726A /* Release */ = {
			isa = XCBuildConfiguration;
			baseConfigurationReference = B06681AA802D3870A75BA635 /* Pods-EggTimer.release.xcconfig */;
			buildSettings = {
				ASSETCATALOG_COMPILER_APPICON_NAME = AppIcon;
				"CODE_SIGN_IDENTITY[sdk=iphoneos*]" = "iPhone Distribution";
				CODE_SIGN_STYLE = Manual;
				DEVELOPMENT_TEAM = 2K446D59RQ;
				INFOPLIST_FILE = EggTimer/Info.plist;
				IPHONEOS_DEPLOYMENT_TARGET = 11.0;
				LD_RUNPATH_SEARCH_PATHS = "$(inherited) @executable_path/Frameworks";
				PRODUCT_BUNDLE_IDENTIFIER = jp.co.lifeistech.L10EggTimer;
				PRODUCT_NAME = "$(TARGET_NAME)";
				PROVISIONING_PROFILE = "b79947a2-517f-411d-89cb-4243a77df173";
				PROVISIONING_PROFILE_SPECIFIER = "L10-Matsuda-Distribution";
				SWIFT_VERSION = 4.0;
				TARGETED_DEVICE_FAMILY = 1;
			};
			name = Release;
		};
/* End XCBuildConfiguration section */

/* Begin XCConfigurationList section */
		F0087AF1208DFCF400AA726A /* Build configuration list for PBXProject "EggTimer" */ = {
			isa = XCConfigurationList;
			buildConfigurations = (
				F0087B06208DFCF400AA726A /* Debug */,
				F0087B07208DFCF400AA726A /* Release */,
			);
			defaultConfigurationIsVisible = 0;
			defaultConfigurationName = Release;
		};
		F0087B08208DFCF400AA726A /* Build configuration list for PBXNativeTarget "EggTimer" */ = {
			isa = XCConfigurationList;
			buildConfigurations = (
				F0087B09208DFCF400AA726A /* Debug */,
				F0087B0A208DFCF400AA726A /* Release */,
			);
			defaultConfigurationIsVisible = 0;
			defaultConfigurationName = Release;
		};
/* End XCConfigurationList section */
	};
	rootObject = F0087AEE208DFCF400AA726A /* Project object */;
}
